
Microsoft Visual Studio Solution File, Format Version 12.00
# Visual Studio Version 16
VisualStudioVersion = 16.0.34031.81
MinimumVisualStudioVersion = 10.0.40219.1
Project("{FAE04EC0-301F-11D3-BF4B-00C04F79EFBC}") = "WebBanSach", "WebBanSach\WebBanSach.csproj", "{E14AAEA5-A920-428D-B8E7-FABF9FD0303E}"
EndProject
Global
	GlobalSection(SolutionConfigurationPlatforms) = preSolution
		Debug|Any CPU = Debug|Any CPU
		Release|Any CPU = Release|Any CPU
	EndGlobalSection
	GlobalSection(ProjectConfigurationPlatforms) = postSolution
		{E14AAEA5-A920-428D-B8E7-FABF9FD0303E}.Debug|Any CPU.ActiveCfg = Debug|Any CPU
		{E14AAEA5-A920-428D-B8E7-FABF9FD0303E}.Debug|Any CPU.Build.0 = Debug|Any CPU
		{E14AAEA5-A920-428D-B8E7-FABF9FD0303E}.Release|Any CPU.ActiveCfg = Release|Any CPU
		{E14AAEA5-A920-428D-B8E7-FABF9FD0303E}.Release|Any CPU.Build.0 = Release|Any CPU
	EndGlobalSection
	GlobalSection(SolutionProperties) = preSolution
		HideSolutionNode = FALSE
	EndGlobalSection
	GlobalSection(ExtensibilityGlobals) = postSolution
		SolutionGuid = {1260491F-875F-4538-B7BA-34FFF10F3FF8}
	EndGlobalSection
EndGlobal
